
Microsoft Visual Studio Solution File, Format Version 12.00
# Visual Studio Version 17
VisualStudioVersion = 17.8.34525.116
MinimumVisualStudioVersion = 10.0.40219.1
Project("{FAE04EC0-301F-11D3-BF4B-00C04F79EFBC}") = "RockPaperScissors", "RockPaperScissors.csproj", "{EC9B2750-F43C-4BC8-825F-DB50446E719F}"
EndProject
Global
	GlobalSection(SolutionConfigurationPlatforms) = preSolution
		Debug|Any CPU = Debug|Any CPU
		Release|Any CPU = Release|Any CPU
	EndGlobalSection
	GlobalSection(ProjectConfigurationPlatforms) = postSolution
		{EC9B2750-F43C-4BC8-825F-DB50446E719F}.Debug|Any CPU.ActiveCfg = Debug|Any CPU
		{EC9B2750-F43C-4BC8-825F-DB50446E719F}.Debug|Any CPU.Build.0 = Debug|Any CPU
		{EC9B2750-F43C-4BC8-825F-DB50446E719F}.Release|Any CPU.ActiveCfg = Release|Any CPU
		{EC9B2750-F43C-4BC8-825F-DB50446E719F}.Release|Any CPU.Build.0 = Release|Any CPU
	EndGlobalSection
	GlobalSection(SolutionProperties) = preSolution
		HideSolutionNode = FALSE
	EndGlobalSection
	GlobalSection(ExtensibilityGlobals) = postSolution
		SolutionGuid = {7670E51D-1D59-4DBB-8B43-CE72C0895A8E}
	EndGlobalSection
EndGlobal
